
Microsoft Visual Studio Solution File, Format Version 12.00
# Visual Studio 15
VisualStudioVersion = 15.0.27004.2010
MinimumVisualStudioVersion = 10.0.40219.1
Project("{FAE04EC0-301F-11D3-BF4B-00C04F79EFBC}") = "Encyption", "Encyption\Encyption.csproj", "{2751D7B3-11F8-419E-85F6-18A64EF1C531}"
EndProject
Global
	GlobalSection(SolutionConfigurationPlatforms) = preSolution
		Debug|Any CPU = Debug|Any CPU
		Release|Any CPU = Release|Any CPU
	EndGlobalSection
	GlobalSection(ProjectConfigurationPlatforms) = postSolution
		{2751D7B3-11F8-419E-85F6-18A64EF1C531}.Debug|Any CPU.ActiveCfg = Debug|Any CPU
		{2751D7B3-11F8-419E-85F6-18A64EF1C531}.Debug|Any CPU.Build.0 = Debug|Any CPU
		{2751D7B3-11F8-419E-85F6-18A64EF1C531}.Release|Any CPU.ActiveCfg = Release|Any CPU
		{2751D7B3-11F8-419E-85F6-18A64EF1C531}.Release|Any CPU.Build.0 = Release|Any CPU
	EndGlobalSection
	GlobalSection(SolutionProperties) = preSolution
		HideSolutionNode = FALSE
	EndGlobalSection
	GlobalSection(ExtensibilityGlobals) = postSolution
		SolutionGuid = {84D78A30-EE6B-492F-8CE2-1A881140F2DF}
	EndGlobalSection
EndGlobal
