
Microsoft Visual Studio Solution File, Format Version 12.00
# Visual Studio Version 16
VisualStudioVersion = 16.0.28803.352
MinimumVisualStudioVersion = 10.0.40219.1
Project("{FAE04EC0-301F-11D3-BF4B-00C04F79EFBC}") = "SymmetricalEncyptionForm", "SymmetricalEncyptionForm\SymmetricalEncyptionForm.csproj", "{CF5F0863-A556-4E26-9A38-79EB96801E88}"
EndProject
Global
	GlobalSection(SolutionConfigurationPlatforms) = preSolution
		Debug|Any CPU = Debug|Any CPU
		Release|Any CPU = Release|Any CPU
	EndGlobalSection
	GlobalSection(ProjectConfigurationPlatforms) = postSolution
		{CF5F0863-A556-4E26-9A38-79EB96801E88}.Debug|Any CPU.ActiveCfg = Debug|Any CPU
		{CF5F0863-A556-4E26-9A38-79EB96801E88}.Debug|Any CPU.Build.0 = Debug|Any CPU
		{CF5F0863-A556-4E26-9A38-79EB96801E88}.Release|Any CPU.ActiveCfg = Release|Any CPU
		{CF5F0863-A556-4E26-9A38-79EB96801E88}.Release|Any CPU.Build.0 = Release|Any CPU
	EndGlobalSection
	GlobalSection(SolutionProperties) = preSolution
		HideSolutionNode = FALSE
	EndGlobalSection
	GlobalSection(ExtensibilityGlobals) = postSolution
		SolutionGuid = {9CAE72AF-F2DC-4922-90DC-5E89FF2311E6}
	EndGlobalSection
EndGlobal
